
Microsoft Visual Studio Solution File, Format Version 12.00
# Visual Studio Version 17
VisualStudioVersion = 17.13.35931.197 d17.13
MinimumVisualStudioVersion = 10.0.40219.1
Project("{FAE04EC0-301F-11D3-BF4B-00C04F79EFBC}") = "Web", "Web\Web.csproj", "{2BB715EC-F9E6-40D1-B93F-D3C55B4385CD}"
EndProject
Project("{FAE04EC0-301F-11D3-BF4B-00C04F79EFBC}") = "DataLayer", "DataLayer\DataLayer.csproj", "{4D178DCF-58EB-47CA-AE40-E8A716043252}"
EndProject
Project("{FAE04EC0-301F-11D3-BF4B-00C04F79EFBC}") = "BusinessLayer", "BusinessLayer\BusinessLayer.csproj", "{AFB43559-BEA5-4F1C-A335-1D258DD03E7E}"
EndProject
Project("{FAE04EC0-301F-11D3-BF4B-00C04F79EFBC}") = "Seeder", "Seeder\Seeder.csproj", "{3A1B1933-AD2C-4427-A681-E5C46CA010D1}"
EndProject
Project("{FAE04EC0-301F-11D3-BF4B-00C04F79EFBC}") = "MVC", "MVC\MVC.csproj", "{7F230834-242C-4FF9-A5A3-D91CB910A324}"
EndProject
Global
	GlobalSection(SolutionConfigurationPlatforms) = preSolution
		Debug|Any CPU = Debug|Any CPU
		Release|Any CPU = Release|Any CPU
	EndGlobalSection
	GlobalSection(ProjectConfigurationPlatforms) = postSolution
		{2BB715EC-F9E6-40D1-B93F-D3C55B4385CD}.Debug|Any CPU.ActiveCfg = Debug|Any CPU
		{2BB715EC-F9E6-40D1-B93F-D3C55B4385CD}.Debug|Any CPU.Build.0 = Debug|Any CPU
		{2BB715EC-F9E6-40D1-B93F-D3C55B4385CD}.Release|Any CPU.ActiveCfg = Release|Any CPU
		{2BB715EC-F9E6-40D1-B93F-D3C55B4385CD}.Release|Any CPU.Build.0 = Release|Any CPU
		{4D178DCF-58EB-47CA-AE40-E8A716043252}.Debug|Any CPU.ActiveCfg = Debug|Any CPU
		{4D178DCF-58EB-47CA-AE40-E8A716043252}.Debug|Any CPU.Build.0 = Debug|Any CPU
		{4D178DCF-58EB-47CA-AE40-E8A716043252}.Release|Any CPU.ActiveCfg = Release|Any CPU
		{4D178DCF-58EB-47CA-AE40-E8A716043252}.Release|Any CPU.Build.0 = Release|Any CPU
		{AFB43559-BEA5-4F1C-A335-1D258DD03E7E}.Debug|Any CPU.ActiveCfg = Debug|Any CPU
		{AFB43559-BEA5-4F1C-A335-1D258DD03E7E}.Debug|Any CPU.Build.0 = Debug|Any CPU
		{AFB43559-BEA5-4F1C-A335-1D258DD03E7E}.Release|Any CPU.ActiveCfg = Release|Any CPU
		{AFB43559-BEA5-4F1C-A335-1D258DD03E7E}.Release|Any CPU.Build.0 = Release|Any CPU
		{3A1B1933-AD2C-4427-A681-E5C46CA010D1}.Debug|Any CPU.ActiveCfg = Debug|Any CPU
		{3A1B1933-AD2C-4427-A681-E5C46CA010D1}.Debug|Any CPU.Build.0 = Debug|Any CPU
		{3A1B1933-AD2C-4427-A681-E5C46CA010D1}.Release|Any CPU.ActiveCfg = Release|Any CPU
		{3A1B1933-AD2C-4427-A681-E5C46CA010D1}.Release|Any CPU.Build.0 = Release|Any CPU
		{7F230834-242C-4FF9-A5A3-D91CB910A324}.Debug|Any CPU.ActiveCfg = Debug|Any CPU
		{7F230834-242C-4FF9-A5A3-D91CB910A324}.Debug|Any CPU.Build.0 = Debug|Any CPU
		{7F230834-242C-4FF9-A5A3-D91CB910A324}.Release|Any CPU.ActiveCfg = Release|Any CPU
		{7F230834-242C-4FF9-A5A3-D91CB910A324}.Release|Any CPU.Build.0 = Release|Any CPU
	EndGlobalSection
	GlobalSection(SolutionProperties) = preSolution
		HideSolutionNode = FALSE
	EndGlobalSection
	GlobalSection(ExtensibilityGlobals) = postSolution
		SolutionGuid = {5C40E726-28C7-4016-9F31-61195BE4EDF5}
	EndGlobalSection
EndGlobal
