
Microsoft Visual Studio Solution File, Format Version 12.00
# Visual Studio Version 17
VisualStudioVersion = 17.13.35818.85 d17.13
MinimumVisualStudioVersion = 10.0.40219.1
Project("{FAE04EC0-301F-11D3-BF4B-00C04F79EFBC}") = "MVC", "MVC\MVC.csproj", "{C7813102-595B-431F-809C-9DF1D10A48AB}"
EndProject
Project("{FAE04EC0-301F-11D3-BF4B-00C04F79EFBC}") = "BusinessLayer", "BusinessLayer\BusinessLayer.csproj", "{9A29F3AA-AAF0-40E3-9F30-6D5D6815BF23}"
EndProject
Project("{FAE04EC0-301F-11D3-BF4B-00C04F79EFBC}") = "DataLayer", "DataLayer\DataLayer.csproj", "{061B2F2D-8AE4-4984-8C19-C4B9E666780B}"
EndProject
Global
	GlobalSection(SolutionConfigurationPlatforms) = preSolution
		Debug|Any CPU = Debug|Any CPU
		Release|Any CPU = Release|Any CPU
	EndGlobalSection
	GlobalSection(ProjectConfigurationPlatforms) = postSolution
		{C7813102-595B-431F-809C-9DF1D10A48AB}.Debug|Any CPU.ActiveCfg = Debug|Any CPU
		{C7813102-595B-431F-809C-9DF1D10A48AB}.Debug|Any CPU.Build.0 = Debug|Any CPU
		{C7813102-595B-431F-809C-9DF1D10A48AB}.Release|Any CPU.ActiveCfg = Release|Any CPU
		{C7813102-595B-431F-809C-9DF1D10A48AB}.Release|Any CPU.Build.0 = Release|Any CPU
		{9A29F3AA-AAF0-40E3-9F30-6D5D6815BF23}.Debug|Any CPU.ActiveCfg = Debug|Any CPU
		{9A29F3AA-AAF0-40E3-9F30-6D5D6815BF23}.Debug|Any CPU.Build.0 = Debug|Any CPU
		{9A29F3AA-AAF0-40E3-9F30-6D5D6815BF23}.Release|Any CPU.ActiveCfg = Release|Any CPU
		{9A29F3AA-AAF0-40E3-9F30-6D5D6815BF23}.Release|Any CPU.Build.0 = Release|Any CPU
		{061B2F2D-8AE4-4984-8C19-C4B9E666780B}.Debug|Any CPU.ActiveCfg = Debug|Any CPU
		{061B2F2D-8AE4-4984-8C19-C4B9E666780B}.Debug|Any CPU.Build.0 = Debug|Any CPU
		{061B2F2D-8AE4-4984-8C19-C4B9E666780B}.Release|Any CPU.ActiveCfg = Release|Any CPU
		{061B2F2D-8AE4-4984-8C19-C4B9E666780B}.Release|Any CPU.Build.0 = Release|Any CPU
	EndGlobalSection
	GlobalSection(SolutionProperties) = preSolution
		HideSolutionNode = FALSE
	EndGlobalSection
	GlobalSection(ExtensibilityGlobals) = postSolution
		SolutionGuid = {B4672CE3-08E0-408D-9CBA-47255506C74C}
	EndGlobalSection
EndGlobal
